
Microsoft Visual Studio Solution File, Format Version 12.00
# Visual Studio Version 16
VisualStudioVersion = 16.0.31321.278
MinimumVisualStudioVersion = 10.0.40219.1
Project("{9A19103F-16F7-4668-BE54-9A1E7A4F7556}") = "YuGiOhV2", "YuGiOhV2\YuGiOhV2.csproj", "{00240C90-BFB0-423A-8F36-25BD5C4D6059}"
EndProject
Project("{9A19103F-16F7-4668-BE54-9A1E7A4F7556}") = "YuGiOhScraper", "YuGiOhScraper\YuGiOhScraper.csproj", "{FFAC5E2D-F2A1-4FF8-B72B-35EBD24D6833}"
EndProject
Project("{9A19103F-16F7-4668-BE54-9A1E7A4F7556}") = "Discord.Addons.Interactive", "Discord.Addons.Interactive\Discord.Addons.Interactive.csproj", "{0042C604-ABD4-44CA-AEAB-7DF54000B08C}"
EndProject
Project("{9A19103F-16F7-4668-BE54-9A1E7A4F7556}") = "GetValidBoosterPacks", "GetValidBoosterPacks\GetValidBoosterPacks.csproj", "{1D5A3E51-968A-4DEA-9B0A-C1420291E916}"
EndProject
Project("{FAE04EC0-301F-11D3-BF4B-00C04F79EFBC}") = "YuGiOh.API", "YuGiOh.API\YuGiOh.API.csproj", "{0E484AF1-9A1D-4C12-BA7E-8BF7ED2197C9}"
EndProject
Global
	GlobalSection(SolutionConfigurationPlatforms) = preSolution
		Debug|Any CPU = Debug|Any CPU
		Release|Any CPU = Release|Any CPU
	EndGlobalSection
	GlobalSection(ProjectConfigurationPlatforms) = postSolution
		{00240C90-BFB0-423A-8F36-25BD5C4D6059}.Debug|Any CPU.ActiveCfg = Debug|Any CPU
		{00240C90-BFB0-423A-8F36-25BD5C4D6059}.Debug|Any CPU.Build.0 = Debug|Any CPU
		{00240C90-BFB0-423A-8F36-25BD5C4D6059}.Release|Any CPU.ActiveCfg = Release|Any CPU
		{00240C90-BFB0-423A-8F36-25BD5C4D6059}.Release|Any CPU.Build.0 = Release|Any CPU
		{FFAC5E2D-F2A1-4FF8-B72B-35EBD24D6833}.Debug|Any CPU.ActiveCfg = Debug|Any CPU
		{FFAC5E2D-F2A1-4FF8-B72B-35EBD24D6833}.Debug|Any CPU.Build.0 = Debug|Any CPU
		{FFAC5E2D-F2A1-4FF8-B72B-35EBD24D6833}.Release|Any CPU.ActiveCfg = Release|Any CPU
		{FFAC5E2D-F2A1-4FF8-B72B-35EBD24D6833}.Release|Any CPU.Build.0 = Release|Any CPU
		{0042C604-ABD4-44CA-AEAB-7DF54000B08C}.Debug|Any CPU.ActiveCfg = Debug|Any CPU
		{0042C604-ABD4-44CA-AEAB-7DF54000B08C}.Debug|Any CPU.Build.0 = Debug|Any CPU
		{0042C604-ABD4-44CA-AEAB-7DF54000B08C}.Release|Any CPU.ActiveCfg = Release|Any CPU
		{0042C604-ABD4-44CA-AEAB-7DF54000B08C}.Release|Any CPU.Build.0 = Release|Any CPU
		{1D5A3E51-968A-4DEA-9B0A-C1420291E916}.Debug|Any CPU.ActiveCfg = Debug|Any CPU
		{1D5A3E51-968A-4DEA-9B0A-C1420291E916}.Debug|Any CPU.Build.0 = Debug|Any CPU
		{1D5A3E51-968A-4DEA-9B0A-C1420291E916}.Release|Any CPU.ActiveCfg = Release|Any CPU
		{1D5A3E51-968A-4DEA-9B0A-C1420291E916}.Release|Any CPU.Build.0 = Release|Any CPU
		{0E484AF1-9A1D-4C12-BA7E-8BF7ED2197C9}.Debug|Any CPU.ActiveCfg = Debug|Any CPU
		{0E484AF1-9A1D-4C12-BA7E-8BF7ED2197C9}.Debug|Any CPU.Build.0 = Debug|Any CPU
		{0E484AF1-9A1D-4C12-BA7E-8BF7ED2197C9}.Release|Any CPU.ActiveCfg = Release|Any CPU
		{0E484AF1-9A1D-4C12-BA7E-8BF7ED2197C9}.Release|Any CPU.Build.0 = Release|Any CPU
	EndGlobalSection
	GlobalSection(SolutionProperties) = preSolution
		HideSolutionNode = FALSE
	EndGlobalSection
	GlobalSection(ExtensibilityGlobals) = postSolution
		SolutionGuid = {88915948-632B-49A2-A08D-F1B465A54AE0}
	EndGlobalSection
EndGlobal
